
Microsoft Visual Studio Solution File, Format Version 12.00
# Visual Studio 14
VisualStudioVersion = 14.0.25420.1
MinimumVisualStudioVersion = 10.0.40219.1
Project("{FAE04EC0-301F-11D3-BF4B-00C04F79EFBC}") = "Modelo", "Modelo\Modelo.csproj", "{3A0CD20D-5548-458F-B057-9380AA75C738}"
EndProject
Project("{FAE04EC0-301F-11D3-BF4B-00C04F79EFBC}") = "Model", "Model\Model.csproj", "{59C8C067-CDEC-4751-A755-0776E925EAFB}"
EndProject
Project("{FAE04EC0-301F-11D3-BF4B-00C04F79EFBC}") = "DAL", "DAL\DAL.csproj", "{4E221E4D-A64F-4FA7-86DA-4B7E34EE8467}"
EndProject
Project("{FAE04EC0-301F-11D3-BF4B-00C04F79EFBC}") = "BLL", "BLL\BLL.csproj", "{CD16C13C-CA22-476E-9E9A-6EDC3DB89BD5}"
EndProject
Global
	GlobalSection(SolutionConfigurationPlatforms) = preSolution
		Debug|Any CPU = Debug|Any CPU
		Release|Any CPU = Release|Any CPU
	EndGlobalSection
	GlobalSection(ProjectConfigurationPlatforms) = postSolution
		{3A0CD20D-5548-458F-B057-9380AA75C738}.Debug|Any CPU.ActiveCfg = Debug|Any CPU
		{3A0CD20D-5548-458F-B057-9380AA75C738}.Debug|Any CPU.Build.0 = Debug|Any CPU
		{3A0CD20D-5548-458F-B057-9380AA75C738}.Release|Any CPU.ActiveCfg = Release|Any CPU
		{3A0CD20D-5548-458F-B057-9380AA75C738}.Release|Any CPU.Build.0 = Release|Any CPU
		{59C8C067-CDEC-4751-A755-0776E925EAFB}.Debug|Any CPU.ActiveCfg = Debug|Any CPU
		{59C8C067-CDEC-4751-A755-0776E925EAFB}.Debug|Any CPU.Build.0 = Debug|Any CPU
		{59C8C067-CDEC-4751-A755-0776E925EAFB}.Release|Any CPU.ActiveCfg = Release|Any CPU
		{59C8C067-CDEC-4751-A755-0776E925EAFB}.Release|Any CPU.Build.0 = Release|Any CPU
		{4E221E4D-A64F-4FA7-86DA-4B7E34EE8467}.Debug|Any CPU.ActiveCfg = Debug|Any CPU
		{4E221E4D-A64F-4FA7-86DA-4B7E34EE8467}.Debug|Any CPU.Build.0 = Debug|Any CPU
		{4E221E4D-A64F-4FA7-86DA-4B7E34EE8467}.Release|Any CPU.ActiveCfg = Release|Any CPU
		{4E221E4D-A64F-4FA7-86DA-4B7E34EE8467}.Release|Any CPU.Build.0 = Release|Any CPU
		{CD16C13C-CA22-476E-9E9A-6EDC3DB89BD5}.Debug|Any CPU.ActiveCfg = Debug|Any CPU
		{CD16C13C-CA22-476E-9E9A-6EDC3DB89BD5}.Debug|Any CPU.Build.0 = Debug|Any CPU
		{CD16C13C-CA22-476E-9E9A-6EDC3DB89BD5}.Release|Any CPU.ActiveCfg = Release|Any CPU
		{CD16C13C-CA22-476E-9E9A-6EDC3DB89BD5}.Release|Any CPU.Build.0 = Release|Any CPU
	EndGlobalSection
	GlobalSection(SolutionProperties) = preSolution
		HideSolutionNode = FALSE
	EndGlobalSection
EndGlobal
